
Microsoft Visual Studio Solution File, Format Version 12.00
# Visual Studio Version 16
VisualStudioVersion = 16.0.31424.327
MinimumVisualStudioVersion = 10.0.40219.1
Project("{FAE04EC0-301F-11D3-BF4B-00C04F79EFBC}") = "ripassoGit", "ripassoGit\ripassoGit.csproj", "{2080ABC6-744C-4EDA-A33C-F39850510293}"
EndProject
Global
	GlobalSection(SolutionConfigurationPlatforms) = preSolution
		Debug|Any CPU = Debug|Any CPU
		Release|Any CPU = Release|Any CPU
	EndGlobalSection
	GlobalSection(ProjectConfigurationPlatforms) = postSolution
		{2080ABC6-744C-4EDA-A33C-F39850510293}.Debug|Any CPU.ActiveCfg = Debug|Any CPU
		{2080ABC6-744C-4EDA-A33C-F39850510293}.Debug|Any CPU.Build.0 = Debug|Any CPU
		{2080ABC6-744C-4EDA-A33C-F39850510293}.Release|Any CPU.ActiveCfg = Release|Any CPU
		{2080ABC6-744C-4EDA-A33C-F39850510293}.Release|Any CPU.Build.0 = Release|Any CPU
	EndGlobalSection
	GlobalSection(SolutionProperties) = preSolution
		HideSolutionNode = FALSE
	EndGlobalSection
	GlobalSection(ExtensibilityGlobals) = postSolution
		SolutionGuid = {E986D2B5-202D-49E5-8143-F375435C0002}
	EndGlobalSection
EndGlobal
